
Microsoft Visual Studio Solution File, Format Version 12.00
# Visual Studio Version 16
VisualStudioVersion = 16.0.30413.136
MinimumVisualStudioVersion = 10.0.40219.1
Project("{2150E333-8FDC-42A3-9474-1A3956D46DE8}") = "MicroServices", "MicroServices", "{F19E4018-0B24-412A-B212-4725164F7DD0}"
EndProject
Project("{2150E333-8FDC-42A3-9474-1A3956D46DE8}") = "Global", "Global", "{31FCFAF9-549D-4082-9945-4AA5B0FAF7C0}"
EndProject
Project("{2150E333-8FDC-42A3-9474-1A3956D46DE8}") = "RawMaterial", "RawMaterial", "{02B70DDB-1A58-457A-A57F-ADF2FB125D40}"
EndProject
Project("{2150E333-8FDC-42A3-9474-1A3956D46DE8}") = "Purchase", "Purchase", "{62F4FBE1-99D2-4D59-96CD-375FF6E7CD4C}"
EndProject
Project("{9A19103F-16F7-4668-BE54-9A1E7A4F7556}") = "Common", "Global\Common\Common.csproj", "{5F44CD52-E2AC-40DB-B61E-81C797DA9845}"
EndProject
Project("{9A19103F-16F7-4668-BE54-9A1E7A4F7556}") = "API", "MicroServices\RawMaterial\API\API.csproj", "{B3287A43-3B62-4C72-9B27-D8E70F8CB1F9}"
EndProject
Project("{9A19103F-16F7-4668-BE54-9A1E7A4F7556}") = "Core", "MicroServices\RawMaterial\Core\Core.csproj", "{C236E6E5-3409-4FF3-9C4A-04093542E7B0}"
EndProject
Project("{9A19103F-16F7-4668-BE54-9A1E7A4F7556}") = "Data", "MicroServices\RawMaterial\Data\Data.csproj", "{1F366447-36F1-4212-9CC2-D178080B8818}"
EndProject
Project("{9A19103F-16F7-4668-BE54-9A1E7A4F7556}") = "Services.Test", "MicroServices\RawMaterial\Services.Test\Services.Test.csproj", "{D22B5DDF-FE5C-42E2-9A77-EC53BCEDB0F3}"
EndProject
Project("{9A19103F-16F7-4668-BE54-9A1E7A4F7556}") = "API", "MicroServices\Purchase\API\API.csproj", "{12E0D5A5-D4A1-4633-9456-AC92F8BBC7CC}"
EndProject
Project("{9A19103F-16F7-4668-BE54-9A1E7A4F7556}") = "Core", "MicroServices\Purchase\Core\Core.csproj", "{24B82E2C-2EC0-412A-AC08-BA9F307608FE}"
EndProject
Project("{9A19103F-16F7-4668-BE54-9A1E7A4F7556}") = "Data", "MicroServices\Purchase\Data\Data.csproj", "{2B96CB35-01DB-477C-904A-0AE90E244DB5}"
EndProject
Project("{9A19103F-16F7-4668-BE54-9A1E7A4F7556}") = "Services", "MicroServices\Purchase\Services\Services.csproj", "{7161ED4E-730A-4DAD-8459-B8BE1E8B87AA}"
EndProject
Project("{9A19103F-16F7-4668-BE54-9A1E7A4F7556}") = "Services.Test", "MicroServices\Purchase\Services.Test\Services.Test.csproj", "{BD1F70B9-F44B-4F57-A4D9-A339953DC77A}"
EndProject
Project("{9A19103F-16F7-4668-BE54-9A1E7A4F7556}") = "Services", "MicroServices\RawMaterial\Services\Services.csproj", "{8F35373D-D24F-4892-BB73-FD4B60CF3C8B}"
EndProject
Global
	GlobalSection(SolutionConfigurationPlatforms) = preSolution
		Debug|Any CPU = Debug|Any CPU
		Release|Any CPU = Release|Any CPU
	EndGlobalSection
	GlobalSection(ProjectConfigurationPlatforms) = postSolution
		{5F44CD52-E2AC-40DB-B61E-81C797DA9845}.Debug|Any CPU.ActiveCfg = Debug|Any CPU
		{5F44CD52-E2AC-40DB-B61E-81C797DA9845}.Debug|Any CPU.Build.0 = Debug|Any CPU
		{5F44CD52-E2AC-40DB-B61E-81C797DA9845}.Release|Any CPU.ActiveCfg = Release|Any CPU
		{5F44CD52-E2AC-40DB-B61E-81C797DA9845}.Release|Any CPU.Build.0 = Release|Any CPU
		{B3287A43-3B62-4C72-9B27-D8E70F8CB1F9}.Debug|Any CPU.ActiveCfg = Debug|Any CPU
		{B3287A43-3B62-4C72-9B27-D8E70F8CB1F9}.Debug|Any CPU.Build.0 = Debug|Any CPU
		{B3287A43-3B62-4C72-9B27-D8E70F8CB1F9}.Release|Any CPU.ActiveCfg = Release|Any CPU
		{B3287A43-3B62-4C72-9B27-D8E70F8CB1F9}.Release|Any CPU.Build.0 = Release|Any CPU
		{C236E6E5-3409-4FF3-9C4A-04093542E7B0}.Debug|Any CPU.ActiveCfg = Debug|Any CPU
		{C236E6E5-3409-4FF3-9C4A-04093542E7B0}.Debug|Any CPU.Build.0 = Debug|Any CPU
		{C236E6E5-3409-4FF3-9C4A-04093542E7B0}.Release|Any CPU.ActiveCfg = Release|Any CPU
		{C236E6E5-3409-4FF3-9C4A-04093542E7B0}.Release|Any CPU.Build.0 = Release|Any CPU
		{1F366447-36F1-4212-9CC2-D178080B8818}.Debug|Any CPU.ActiveCfg = Debug|Any CPU
		{1F366447-36F1-4212-9CC2-D178080B8818}.Debug|Any CPU.Build.0 = Debug|Any CPU
		{1F366447-36F1-4212-9CC2-D178080B8818}.Release|Any CPU.ActiveCfg = Release|Any CPU
		{1F366447-36F1-4212-9CC2-D178080B8818}.Release|Any CPU.Build.0 = Release|Any CPU
		{D22B5DDF-FE5C-42E2-9A77-EC53BCEDB0F3}.Debug|Any CPU.ActiveCfg = Debug|Any CPU
		{D22B5DDF-FE5C-42E2-9A77-EC53BCEDB0F3}.Debug|Any CPU.Build.0 = Debug|Any CPU
		{D22B5DDF-FE5C-42E2-9A77-EC53BCEDB0F3}.Release|Any CPU.ActiveCfg = Release|Any CPU
		{D22B5DDF-FE5C-42E2-9A77-EC53BCEDB0F3}.Release|Any CPU.Build.0 = Release|Any CPU
		{12E0D5A5-D4A1-4633-9456-AC92F8BBC7CC}.Debug|Any CPU.ActiveCfg = Debug|Any CPU
		{12E0D5A5-D4A1-4633-9456-AC92F8BBC7CC}.Debug|Any CPU.Build.0 = Debug|Any CPU
		{12E0D5A5-D4A1-4633-9456-AC92F8BBC7CC}.Release|Any CPU.ActiveCfg = Release|Any CPU
		{12E0D5A5-D4A1-4633-9456-AC92F8BBC7CC}.Release|Any CPU.Build.0 = Release|Any CPU
		{24B82E2C-2EC0-412A-AC08-BA9F307608FE}.Debug|Any CPU.ActiveCfg = Debug|Any CPU
		{24B82E2C-2EC0-412A-AC08-BA9F307608FE}.Debug|Any CPU.Build.0 = Debug|Any CPU
		{24B82E2C-2EC0-412A-AC08-BA9F307608FE}.Release|Any CPU.ActiveCfg = Release|Any CPU
		{24B82E2C-2EC0-412A-AC08-BA9F307608FE}.Release|Any CPU.Build.0 = Release|Any CPU
		{2B96CB35-01DB-477C-904A-0AE90E244DB5}.Debug|Any CPU.ActiveCfg = Debug|Any CPU
		{2B96CB35-01DB-477C-904A-0AE90E244DB5}.Debug|Any CPU.Build.0 = Debug|Any CPU
		{2B96CB35-01DB-477C-904A-0AE90E244DB5}.Release|Any CPU.ActiveCfg = Release|Any CPU
		{2B96CB35-01DB-477C-904A-0AE90E244DB5}.Release|Any CPU.Build.0 = Release|Any CPU
		{7161ED4E-730A-4DAD-8459-B8BE1E8B87AA}.Debug|Any CPU.ActiveCfg = Debug|Any CPU
		{7161ED4E-730A-4DAD-8459-B8BE1E8B87AA}.Debug|Any CPU.Build.0 = Debug|Any CPU
		{7161ED4E-730A-4DAD-8459-B8BE1E8B87AA}.Release|Any CPU.ActiveCfg = Release|Any CPU
		{7161ED4E-730A-4DAD-8459-B8BE1E8B87AA}.Release|Any CPU.Build.0 = Release|Any CPU
		{BD1F70B9-F44B-4F57-A4D9-A339953DC77A}.Debug|Any CPU.ActiveCfg = Debug|Any CPU
		{BD1F70B9-F44B-4F57-A4D9-A339953DC77A}.Debug|Any CPU.Build.0 = Debug|Any CPU
		{BD1F70B9-F44B-4F57-A4D9-A339953DC77A}.Release|Any CPU.ActiveCfg = Release|Any CPU
		{BD1F70B9-F44B-4F57-A4D9-A339953DC77A}.Release|Any CPU.Build.0 = Release|Any CPU
		{8F35373D-D24F-4892-BB73-FD4B60CF3C8B}.Debug|Any CPU.ActiveCfg = Debug|Any CPU
		{8F35373D-D24F-4892-BB73-FD4B60CF3C8B}.Debug|Any CPU.Build.0 = Debug|Any CPU
		{8F35373D-D24F-4892-BB73-FD4B60CF3C8B}.Release|Any CPU.ActiveCfg = Release|Any CPU
		{8F35373D-D24F-4892-BB73-FD4B60CF3C8B}.Release|Any CPU.Build.0 = Release|Any CPU
	EndGlobalSection
	GlobalSection(SolutionProperties) = preSolution
		HideSolutionNode = FALSE
	EndGlobalSection
	GlobalSection(NestedProjects) = preSolution
		{02B70DDB-1A58-457A-A57F-ADF2FB125D40} = {F19E4018-0B24-412A-B212-4725164F7DD0}
		{62F4FBE1-99D2-4D59-96CD-375FF6E7CD4C} = {F19E4018-0B24-412A-B212-4725164F7DD0}
		{5F44CD52-E2AC-40DB-B61E-81C797DA9845} = {31FCFAF9-549D-4082-9945-4AA5B0FAF7C0}
		{B3287A43-3B62-4C72-9B27-D8E70F8CB1F9} = {02B70DDB-1A58-457A-A57F-ADF2FB125D40}
		{C236E6E5-3409-4FF3-9C4A-04093542E7B0} = {02B70DDB-1A58-457A-A57F-ADF2FB125D40}
		{1F366447-36F1-4212-9CC2-D178080B8818} = {02B70DDB-1A58-457A-A57F-ADF2FB125D40}
		{D22B5DDF-FE5C-42E2-9A77-EC53BCEDB0F3} = {02B70DDB-1A58-457A-A57F-ADF2FB125D40}
		{12E0D5A5-D4A1-4633-9456-AC92F8BBC7CC} = {62F4FBE1-99D2-4D59-96CD-375FF6E7CD4C}
		{24B82E2C-2EC0-412A-AC08-BA9F307608FE} = {62F4FBE1-99D2-4D59-96CD-375FF6E7CD4C}
		{2B96CB35-01DB-477C-904A-0AE90E244DB5} = {62F4FBE1-99D2-4D59-96CD-375FF6E7CD4C}
		{7161ED4E-730A-4DAD-8459-B8BE1E8B87AA} = {62F4FBE1-99D2-4D59-96CD-375FF6E7CD4C}
		{BD1F70B9-F44B-4F57-A4D9-A339953DC77A} = {62F4FBE1-99D2-4D59-96CD-375FF6E7CD4C}
		{8F35373D-D24F-4892-BB73-FD4B60CF3C8B} = {02B70DDB-1A58-457A-A57F-ADF2FB125D40}
	EndGlobalSection
	GlobalSection(ExtensibilityGlobals) = postSolution
		SolutionGuid = {705C9064-FD80-4445-9CDB-693CB5A1A036}
	EndGlobalSection
EndGlobal
